
Microsoft Visual Studio Solution File, Format Version 12.00
# Visual Studio Version 16
VisualStudioVersion = 16.0.29519.181
MinimumVisualStudioVersion = 10.0.40219.1
Project("{FAE04EC0-301F-11D3-BF4B-00C04F79EFBC}") = "CardPerso", "CardPerso.csproj", "{1CD80F5F-9D2F-4D6F-885C-051CF8805020}"
EndProject
Project("{FAE04EC0-301F-11D3-BF4B-00C04F79EFBC}") = "MyDatabase", "..\MyDatabase\MyDatabase.csproj", "{73A15989-DB28-4A9B-BE2E-3D25BAC122A6}"
EndProject
Project("{FAE04EC0-301F-11D3-BF4B-00C04F79EFBC}") = "FileLoader", "..\FileLoader\FileLoader.csproj", "{87A52F4F-3BB2-46F7-AC6A-2639C9B8FC14}"
EndProject
Project("{FAE04EC0-301F-11D3-BF4B-00C04F79EFBC}") = "RMKWebService", "..\RMKWebService\RMKWebService.csproj", "{E1116A83-BFE1-44FE-A466-7FEB2641EA18}"
EndProject
Project("{FAE04EC0-301F-11D3-BF4B-00C04F79EFBC}") = "WebLog", "..\WebLog\WebLog.csproj", "{08E0C7B1-0202-457A-B973-A30B88103536}"
EndProject
Project("{FAE04EC0-301F-11D3-BF4B-00C04F79EFBC}") = "CardPersoInfo", "..\CardPersoInfo\CardPersoInfo\CardPersoInfo.csproj", "{C73922F7-C0C1-499F-9960-3DB34CEA1104}"
EndProject
Project("{FAE04EC0-301F-11D3-BF4B-00C04F79EFBC}") = "CardPersoInfoTestConsole", "..\CardPersoInfo\CardPersoInfoTestConsole\CardPersoInfoTestConsole.csproj", "{7F802ED6-F697-49E1-8240-192A58952D62}"
EndProject
Project("{FAE04EC0-301F-11D3-BF4B-00C04F79EFBC}") = "CardPersoService", "..\CardPersoService\CardPersoService.csproj", "{0FF1259A-5A7E-41EF-8AFE-67E72D79EA42}"
EndProject
Project("{FAE04EC0-301F-11D3-BF4B-00C04F79EFBC}") = "AkBarsReportGeneratorService", "..\AkBarsReportGenerator\AkBarsReportGeneratorService\AkBarsReportGeneratorService.csproj", "{D6139087-2D62-4453-B7BA-110AE4E44281}"
EndProject
Project("{FAE04EC0-301F-11D3-BF4B-00C04F79EFBC}") = "AkBarsConsoleDebugger", "..\AkBarsReportGenerator\AkBarsConsoleDebugger\AkBarsConsoleDebugger.csproj", "{76D08636-8865-4FE3-A625-4010A4922850}"
EndProject
Project("{FAE04EC0-301F-11D3-BF4B-00C04F79EFBC}") = "RMKWebServiceHost", "..\RMKWebService\RMKWebServiceHost\RMKWebServiceHost.csproj", "{4F2829DC-5B32-4F57-A373-D850D153B4EC}"
EndProject
Project("{FAE04EC0-301F-11D3-BF4B-00C04F79EFBC}") = "CardPersoServiceTest", "..\CardPersoService\CardPersoServiceTest\CardPersoServiceTest.csproj", "{5BB362A2-4129-4A35-89B9-C2CADF7B0FCC}"
EndProject
Project("{FAE04EC0-301F-11D3-BF4B-00C04F79EFBC}") = "DocsCore", "..\DocsCore\DocsCore.csproj", "{BF7C5E9A-23AD-47F6-BBFE-5C3D8C9D4C3B}"
EndProject
Global
	GlobalSection(SolutionConfigurationPlatforms) = preSolution
		86|Any CPU = 86|Any CPU
		86|x86 = 86|x86
		Custom|Any CPU = Custom|Any CPU
		Custom|x86 = Custom|x86
		Debug|Any CPU = Debug|Any CPU
		Debug|x86 = Debug|x86
		Release|Any CPU = Release|Any CPU
		Release|x86 = Release|x86
	EndGlobalSection
	GlobalSection(ProjectConfigurationPlatforms) = postSolution
		{1CD80F5F-9D2F-4D6F-885C-051CF8805020}.86|Any CPU.ActiveCfg = Release|Any CPU
		{1CD80F5F-9D2F-4D6F-885C-051CF8805020}.86|Any CPU.Build.0 = Release|Any CPU
		{1CD80F5F-9D2F-4D6F-885C-051CF8805020}.86|x86.ActiveCfg = Release|Any CPU
		{1CD80F5F-9D2F-4D6F-885C-051CF8805020}.86|x86.Build.0 = Release|Any CPU
		{1CD80F5F-9D2F-4D6F-885C-051CF8805020}.Custom|Any CPU.ActiveCfg = Release|Any CPU
		{1CD80F5F-9D2F-4D6F-885C-051CF8805020}.Custom|Any CPU.Build.0 = Release|Any CPU
		{1CD80F5F-9D2F-4D6F-885C-051CF8805020}.Custom|x86.ActiveCfg = Release|Any CPU
		{1CD80F5F-9D2F-4D6F-885C-051CF8805020}.Custom|x86.Build.0 = Release|Any CPU
		{1CD80F5F-9D2F-4D6F-885C-051CF8805020}.Debug|Any CPU.ActiveCfg = Debug|Any CPU
		{1CD80F5F-9D2F-4D6F-885C-051CF8805020}.Debug|Any CPU.Build.0 = Debug|Any CPU
		{1CD80F5F-9D2F-4D6F-885C-051CF8805020}.Debug|x86.ActiveCfg = Debug|Any CPU
		{1CD80F5F-9D2F-4D6F-885C-051CF8805020}.Debug|x86.Build.0 = Debug|Any CPU
		{1CD80F5F-9D2F-4D6F-885C-051CF8805020}.Release|Any CPU.ActiveCfg = Release|Any CPU
		{1CD80F5F-9D2F-4D6F-885C-051CF8805020}.Release|Any CPU.Build.0 = Release|Any CPU
		{1CD80F5F-9D2F-4D6F-885C-051CF8805020}.Release|x86.ActiveCfg = Release|Any CPU
		{1CD80F5F-9D2F-4D6F-885C-051CF8805020}.Release|x86.Build.0 = Release|Any CPU
		{73A15989-DB28-4A9B-BE2E-3D25BAC122A6}.86|Any CPU.ActiveCfg = Release|Any CPU
		{73A15989-DB28-4A9B-BE2E-3D25BAC122A6}.86|Any CPU.Build.0 = Release|Any CPU
		{73A15989-DB28-4A9B-BE2E-3D25BAC122A6}.86|x86.ActiveCfg = Release|Any CPU
		{73A15989-DB28-4A9B-BE2E-3D25BAC122A6}.86|x86.Build.0 = Release|Any CPU
		{73A15989-DB28-4A9B-BE2E-3D25BAC122A6}.Custom|Any CPU.ActiveCfg = Release|Any CPU
		{73A15989-DB28-4A9B-BE2E-3D25BAC122A6}.Custom|Any CPU.Build.0 = Release|Any CPU
		{73A15989-DB28-4A9B-BE2E-3D25BAC122A6}.Custom|x86.ActiveCfg = Release|Any CPU
		{73A15989-DB28-4A9B-BE2E-3D25BAC122A6}.Custom|x86.Build.0 = Release|Any CPU
		{73A15989-DB28-4A9B-BE2E-3D25BAC122A6}.Debug|Any CPU.ActiveCfg = Debug|Any CPU
		{73A15989-DB28-4A9B-BE2E-3D25BAC122A6}.Debug|Any CPU.Build.0 = Debug|Any CPU
		{73A15989-DB28-4A9B-BE2E-3D25BAC122A6}.Debug|x86.ActiveCfg = Debug|Any CPU
		{73A15989-DB28-4A9B-BE2E-3D25BAC122A6}.Debug|x86.Build.0 = Debug|Any CPU
		{73A15989-DB28-4A9B-BE2E-3D25BAC122A6}.Release|Any CPU.ActiveCfg = Release|Any CPU
		{73A15989-DB28-4A9B-BE2E-3D25BAC122A6}.Release|Any CPU.Build.0 = Release|Any CPU
		{73A15989-DB28-4A9B-BE2E-3D25BAC122A6}.Release|x86.ActiveCfg = Release|Any CPU
		{73A15989-DB28-4A9B-BE2E-3D25BAC122A6}.Release|x86.Build.0 = Release|Any CPU
		{87A52F4F-3BB2-46F7-AC6A-2639C9B8FC14}.86|Any CPU.ActiveCfg = Release|Any CPU
		{87A52F4F-3BB2-46F7-AC6A-2639C9B8FC14}.86|Any CPU.Build.0 = Release|Any CPU
		{87A52F4F-3BB2-46F7-AC6A-2639C9B8FC14}.86|x86.ActiveCfg = Release|Any CPU
		{87A52F4F-3BB2-46F7-AC6A-2639C9B8FC14}.86|x86.Build.0 = Release|Any CPU
		{87A52F4F-3BB2-46F7-AC6A-2639C9B8FC14}.Custom|Any CPU.ActiveCfg = Release|Any CPU
		{87A52F4F-3BB2-46F7-AC6A-2639C9B8FC14}.Custom|Any CPU.Build.0 = Release|Any CPU
		{87A52F4F-3BB2-46F7-AC6A-2639C9B8FC14}.Custom|x86.ActiveCfg = Release|Any CPU
		{87A52F4F-3BB2-46F7-AC6A-2639C9B8FC14}.Custom|x86.Build.0 = Release|Any CPU
		{87A52F4F-3BB2-46F7-AC6A-2639C9B8FC14}.Debug|Any CPU.ActiveCfg = Debug|Any CPU
		{87A52F4F-3BB2-46F7-AC6A-2639C9B8FC14}.Debug|Any CPU.Build.0 = Debug|Any CPU
		{87A52F4F-3BB2-46F7-AC6A-2639C9B8FC14}.Debug|x86.ActiveCfg = Debug|Any CPU
		{87A52F4F-3BB2-46F7-AC6A-2639C9B8FC14}.Debug|x86.Build.0 = Debug|Any CPU
		{87A52F4F-3BB2-46F7-AC6A-2639C9B8FC14}.Release|Any CPU.ActiveCfg = Release|Any CPU
		{87A52F4F-3BB2-46F7-AC6A-2639C9B8FC14}.Release|Any CPU.Build.0 = Release|Any CPU
		{87A52F4F-3BB2-46F7-AC6A-2639C9B8FC14}.Release|x86.ActiveCfg = Release|Any CPU
		{87A52F4F-3BB2-46F7-AC6A-2639C9B8FC14}.Release|x86.Build.0 = Release|Any CPU
		{E1116A83-BFE1-44FE-A466-7FEB2641EA18}.86|Any CPU.ActiveCfg = Release|Any CPU
		{E1116A83-BFE1-44FE-A466-7FEB2641EA18}.86|Any CPU.Build.0 = Release|Any CPU
		{E1116A83-BFE1-44FE-A466-7FEB2641EA18}.86|x86.ActiveCfg = Release|Any CPU
		{E1116A83-BFE1-44FE-A466-7FEB2641EA18}.86|x86.Build.0 = Release|Any CPU
		{E1116A83-BFE1-44FE-A466-7FEB2641EA18}.Custom|Any CPU.ActiveCfg = Release|Any CPU
		{E1116A83-BFE1-44FE-A466-7FEB2641EA18}.Custom|Any CPU.Build.0 = Release|Any CPU
		{E1116A83-BFE1-44FE-A466-7FEB2641EA18}.Custom|x86.ActiveCfg = Release|Any CPU
		{E1116A83-BFE1-44FE-A466-7FEB2641EA18}.Custom|x86.Build.0 = Release|Any CPU
		{E1116A83-BFE1-44FE-A466-7FEB2641EA18}.Debug|Any CPU.ActiveCfg = Debug|Any CPU
		{E1116A83-BFE1-44FE-A466-7FEB2641EA18}.Debug|Any CPU.Build.0 = Debug|Any CPU
		{E1116A83-BFE1-44FE-A466-7FEB2641EA18}.Debug|x86.ActiveCfg = Debug|Any CPU
		{E1116A83-BFE1-44FE-A466-7FEB2641EA18}.Debug|x86.Build.0 = Debug|Any CPU
		{E1116A83-BFE1-44FE-A466-7FEB2641EA18}.Release|Any CPU.ActiveCfg = Release|Any CPU
		{E1116A83-BFE1-44FE-A466-7FEB2641EA18}.Release|Any CPU.Build.0 = Release|Any CPU
		{E1116A83-BFE1-44FE-A466-7FEB2641EA18}.Release|x86.ActiveCfg = Release|Any CPU
		{E1116A83-BFE1-44FE-A466-7FEB2641EA18}.Release|x86.Build.0 = Release|Any CPU
		{08E0C7B1-0202-457A-B973-A30B88103536}.86|Any CPU.ActiveCfg = Release|Any CPU
		{08E0C7B1-0202-457A-B973-A30B88103536}.86|Any CPU.Build.0 = Release|Any CPU
		{08E0C7B1-0202-457A-B973-A30B88103536}.86|x86.ActiveCfg = Release|Any CPU
		{08E0C7B1-0202-457A-B973-A30B88103536}.86|x86.Build.0 = Release|Any CPU
		{08E0C7B1-0202-457A-B973-A30B88103536}.Custom|Any CPU.ActiveCfg = Release|Any CPU
		{08E0C7B1-0202-457A-B973-A30B88103536}.Custom|Any CPU.Build.0 = Release|Any CPU
		{08E0C7B1-0202-457A-B973-A30B88103536}.Custom|x86.ActiveCfg = Release|Any CPU
		{08E0C7B1-0202-457A-B973-A30B88103536}.Custom|x86.Build.0 = Release|Any CPU
		{08E0C7B1-0202-457A-B973-A30B88103536}.Debug|Any CPU.ActiveCfg = Debug|Any CPU
		{08E0C7B1-0202-457A-B973-A30B88103536}.Debug|Any CPU.Build.0 = Debug|Any CPU
		{08E0C7B1-0202-457A-B973-A30B88103536}.Debug|x86.ActiveCfg = Debug|Any CPU
		{08E0C7B1-0202-457A-B973-A30B88103536}.Debug|x86.Build.0 = Debug|Any CPU
		{08E0C7B1-0202-457A-B973-A30B88103536}.Release|Any CPU.ActiveCfg = Release|Any CPU
		{08E0C7B1-0202-457A-B973-A30B88103536}.Release|Any CPU.Build.0 = Release|Any CPU
		{08E0C7B1-0202-457A-B973-A30B88103536}.Release|x86.ActiveCfg = Release|Any CPU
		{08E0C7B1-0202-457A-B973-A30B88103536}.Release|x86.Build.0 = Release|Any CPU
		{C73922F7-C0C1-499F-9960-3DB34CEA1104}.86|Any CPU.ActiveCfg = Release|Any CPU
		{C73922F7-C0C1-499F-9960-3DB34CEA1104}.86|Any CPU.Build.0 = Release|Any CPU
		{C73922F7-C0C1-499F-9960-3DB34CEA1104}.86|x86.ActiveCfg = Release|Any CPU
		{C73922F7-C0C1-499F-9960-3DB34CEA1104}.86|x86.Build.0 = Release|Any CPU
		{C73922F7-C0C1-499F-9960-3DB34CEA1104}.Custom|Any CPU.ActiveCfg = Release|Any CPU
		{C73922F7-C0C1-499F-9960-3DB34CEA1104}.Custom|Any CPU.Build.0 = Release|Any CPU
		{C73922F7-C0C1-499F-9960-3DB34CEA1104}.Custom|x86.ActiveCfg = Release|Any CPU
		{C73922F7-C0C1-499F-9960-3DB34CEA1104}.Custom|x86.Build.0 = Release|Any CPU
		{C73922F7-C0C1-499F-9960-3DB34CEA1104}.Debug|Any CPU.ActiveCfg = Debug|Any CPU
		{C73922F7-C0C1-499F-9960-3DB34CEA1104}.Debug|Any CPU.Build.0 = Debug|Any CPU
		{C73922F7-C0C1-499F-9960-3DB34CEA1104}.Debug|x86.ActiveCfg = Debug|Any CPU
		{C73922F7-C0C1-499F-9960-3DB34CEA1104}.Debug|x86.Build.0 = Debug|Any CPU
		{C73922F7-C0C1-499F-9960-3DB34CEA1104}.Release|Any CPU.ActiveCfg = Release|Any CPU
		{C73922F7-C0C1-499F-9960-3DB34CEA1104}.Release|Any CPU.Build.0 = Release|Any CPU
		{C73922F7-C0C1-499F-9960-3DB34CEA1104}.Release|x86.ActiveCfg = Release|Any CPU
		{C73922F7-C0C1-499F-9960-3DB34CEA1104}.Release|x86.Build.0 = Release|Any CPU
		{7F802ED6-F697-49E1-8240-192A58952D62}.86|Any CPU.ActiveCfg = Release|Any CPU
		{7F802ED6-F697-49E1-8240-192A58952D62}.86|Any CPU.Build.0 = Release|Any CPU
		{7F802ED6-F697-49E1-8240-192A58952D62}.86|x86.ActiveCfg = Release|Any CPU
		{7F802ED6-F697-49E1-8240-192A58952D62}.86|x86.Build.0 = Release|Any CPU
		{7F802ED6-F697-49E1-8240-192A58952D62}.Custom|Any CPU.ActiveCfg = Release|Any CPU
		{7F802ED6-F697-49E1-8240-192A58952D62}.Custom|Any CPU.Build.0 = Release|Any CPU
		{7F802ED6-F697-49E1-8240-192A58952D62}.Custom|x86.ActiveCfg = Release|Any CPU
		{7F802ED6-F697-49E1-8240-192A58952D62}.Custom|x86.Build.0 = Release|Any CPU
		{7F802ED6-F697-49E1-8240-192A58952D62}.Debug|Any CPU.ActiveCfg = Debug|Any CPU
		{7F802ED6-F697-49E1-8240-192A58952D62}.Debug|Any CPU.Build.0 = Debug|Any CPU
		{7F802ED6-F697-49E1-8240-192A58952D62}.Debug|x86.ActiveCfg = Debug|Any CPU
		{7F802ED6-F697-49E1-8240-192A58952D62}.Debug|x86.Build.0 = Debug|Any CPU
		{7F802ED6-F697-49E1-8240-192A58952D62}.Release|Any CPU.ActiveCfg = Release|Any CPU
		{7F802ED6-F697-49E1-8240-192A58952D62}.Release|Any CPU.Build.0 = Release|Any CPU
		{7F802ED6-F697-49E1-8240-192A58952D62}.Release|x86.ActiveCfg = Release|Any CPU
		{7F802ED6-F697-49E1-8240-192A58952D62}.Release|x86.Build.0 = Release|Any CPU
		{0FF1259A-5A7E-41EF-8AFE-67E72D79EA42}.86|Any CPU.ActiveCfg = Release|Any CPU
		{0FF1259A-5A7E-41EF-8AFE-67E72D79EA42}.86|Any CPU.Build.0 = Release|Any CPU
		{0FF1259A-5A7E-41EF-8AFE-67E72D79EA42}.86|x86.ActiveCfg = Release|Any CPU
		{0FF1259A-5A7E-41EF-8AFE-67E72D79EA42}.86|x86.Build.0 = Release|Any CPU
		{0FF1259A-5A7E-41EF-8AFE-67E72D79EA42}.Custom|Any CPU.ActiveCfg = Release|Any CPU
		{0FF1259A-5A7E-41EF-8AFE-67E72D79EA42}.Custom|Any CPU.Build.0 = Release|Any CPU
		{0FF1259A-5A7E-41EF-8AFE-67E72D79EA42}.Custom|x86.ActiveCfg = Release|Any CPU
		{0FF1259A-5A7E-41EF-8AFE-67E72D79EA42}.Custom|x86.Build.0 = Release|Any CPU
		{0FF1259A-5A7E-41EF-8AFE-67E72D79EA42}.Debug|Any CPU.ActiveCfg = Debug|Any CPU
		{0FF1259A-5A7E-41EF-8AFE-67E72D79EA42}.Debug|Any CPU.Build.0 = Debug|Any CPU
		{0FF1259A-5A7E-41EF-8AFE-67E72D79EA42}.Debug|x86.ActiveCfg = Debug|Any CPU
		{0FF1259A-5A7E-41EF-8AFE-67E72D79EA42}.Debug|x86.Build.0 = Debug|Any CPU
		{0FF1259A-5A7E-41EF-8AFE-67E72D79EA42}.Release|Any CPU.ActiveCfg = Release|Any CPU
		{0FF1259A-5A7E-41EF-8AFE-67E72D79EA42}.Release|Any CPU.Build.0 = Release|Any CPU
		{0FF1259A-5A7E-41EF-8AFE-67E72D79EA42}.Release|x86.ActiveCfg = Release|Any CPU
		{0FF1259A-5A7E-41EF-8AFE-67E72D79EA42}.Release|x86.Build.0 = Release|Any CPU
		{D6139087-2D62-4453-B7BA-110AE4E44281}.86|Any CPU.ActiveCfg = 86|Any CPU
		{D6139087-2D62-4453-B7BA-110AE4E44281}.86|Any CPU.Build.0 = 86|Any CPU
		{D6139087-2D62-4453-B7BA-110AE4E44281}.86|x86.ActiveCfg = 86|x86
		{D6139087-2D62-4453-B7BA-110AE4E44281}.86|x86.Build.0 = 86|x86
		{D6139087-2D62-4453-B7BA-110AE4E44281}.Custom|Any CPU.ActiveCfg = Custom|Any CPU
		{D6139087-2D62-4453-B7BA-110AE4E44281}.Custom|Any CPU.Build.0 = Custom|Any CPU
		{D6139087-2D62-4453-B7BA-110AE4E44281}.Custom|x86.ActiveCfg = Custom|x86
		{D6139087-2D62-4453-B7BA-110AE4E44281}.Custom|x86.Build.0 = Custom|x86
		{D6139087-2D62-4453-B7BA-110AE4E44281}.Debug|Any CPU.ActiveCfg = Debug|Any CPU
		{D6139087-2D62-4453-B7BA-110AE4E44281}.Debug|Any CPU.Build.0 = Debug|Any CPU
		{D6139087-2D62-4453-B7BA-110AE4E44281}.Debug|x86.ActiveCfg = Debug|x86
		{D6139087-2D62-4453-B7BA-110AE4E44281}.Debug|x86.Build.0 = Debug|x86
		{D6139087-2D62-4453-B7BA-110AE4E44281}.Release|Any CPU.ActiveCfg = Release|Any CPU
		{D6139087-2D62-4453-B7BA-110AE4E44281}.Release|Any CPU.Build.0 = Release|Any CPU
		{D6139087-2D62-4453-B7BA-110AE4E44281}.Release|x86.ActiveCfg = Release|x86
		{D6139087-2D62-4453-B7BA-110AE4E44281}.Release|x86.Build.0 = Release|x86
		{76D08636-8865-4FE3-A625-4010A4922850}.86|Any CPU.ActiveCfg = 86|Any CPU
		{76D08636-8865-4FE3-A625-4010A4922850}.86|Any CPU.Build.0 = 86|Any CPU
		{76D08636-8865-4FE3-A625-4010A4922850}.86|x86.ActiveCfg = 86|Any CPU
		{76D08636-8865-4FE3-A625-4010A4922850}.86|x86.Build.0 = 86|Any CPU
		{76D08636-8865-4FE3-A625-4010A4922850}.Custom|Any CPU.ActiveCfg = Custom|Any CPU
		{76D08636-8865-4FE3-A625-4010A4922850}.Custom|Any CPU.Build.0 = Custom|Any CPU
		{76D08636-8865-4FE3-A625-4010A4922850}.Custom|x86.ActiveCfg = Custom|Any CPU
		{76D08636-8865-4FE3-A625-4010A4922850}.Custom|x86.Build.0 = Custom|Any CPU
		{76D08636-8865-4FE3-A625-4010A4922850}.Debug|Any CPU.ActiveCfg = Debug|Any CPU
		{76D08636-8865-4FE3-A625-4010A4922850}.Debug|Any CPU.Build.0 = Debug|Any CPU
		{76D08636-8865-4FE3-A625-4010A4922850}.Debug|x86.ActiveCfg = Debug|Any CPU
		{76D08636-8865-4FE3-A625-4010A4922850}.Debug|x86.Build.0 = Debug|Any CPU
		{76D08636-8865-4FE3-A625-4010A4922850}.Release|Any CPU.ActiveCfg = Release|Any CPU
		{76D08636-8865-4FE3-A625-4010A4922850}.Release|Any CPU.Build.0 = Release|Any CPU
		{76D08636-8865-4FE3-A625-4010A4922850}.Release|x86.ActiveCfg = Release|Any CPU
		{76D08636-8865-4FE3-A625-4010A4922850}.Release|x86.Build.0 = Release|Any CPU
		{4F2829DC-5B32-4F57-A373-D850D153B4EC}.86|Any CPU.ActiveCfg = Release|Any CPU
		{4F2829DC-5B32-4F57-A373-D850D153B4EC}.86|Any CPU.Build.0 = Release|Any CPU
		{4F2829DC-5B32-4F57-A373-D850D153B4EC}.86|x86.ActiveCfg = Release|Any CPU
		{4F2829DC-5B32-4F57-A373-D850D153B4EC}.86|x86.Build.0 = Release|Any CPU
		{4F2829DC-5B32-4F57-A373-D850D153B4EC}.Custom|Any CPU.ActiveCfg = Release|Any CPU
		{4F2829DC-5B32-4F57-A373-D850D153B4EC}.Custom|Any CPU.Build.0 = Release|Any CPU
		{4F2829DC-5B32-4F57-A373-D850D153B4EC}.Custom|x86.ActiveCfg = Release|Any CPU
		{4F2829DC-5B32-4F57-A373-D850D153B4EC}.Custom|x86.Build.0 = Release|Any CPU
		{4F2829DC-5B32-4F57-A373-D850D153B4EC}.Debug|Any CPU.ActiveCfg = Debug|Any CPU
		{4F2829DC-5B32-4F57-A373-D850D153B4EC}.Debug|Any CPU.Build.0 = Debug|Any CPU
		{4F2829DC-5B32-4F57-A373-D850D153B4EC}.Debug|x86.ActiveCfg = Debug|Any CPU
		{4F2829DC-5B32-4F57-A373-D850D153B4EC}.Debug|x86.Build.0 = Debug|Any CPU
		{4F2829DC-5B32-4F57-A373-D850D153B4EC}.Release|Any CPU.ActiveCfg = Release|Any CPU
		{4F2829DC-5B32-4F57-A373-D850D153B4EC}.Release|Any CPU.Build.0 = Release|Any CPU
		{4F2829DC-5B32-4F57-A373-D850D153B4EC}.Release|x86.ActiveCfg = Release|Any CPU
		{4F2829DC-5B32-4F57-A373-D850D153B4EC}.Release|x86.Build.0 = Release|Any CPU
		{5BB362A2-4129-4A35-89B9-C2CADF7B0FCC}.86|Any CPU.ActiveCfg = Release|Any CPU
		{5BB362A2-4129-4A35-89B9-C2CADF7B0FCC}.86|Any CPU.Build.0 = Release|Any CPU
		{5BB362A2-4129-4A35-89B9-C2CADF7B0FCC}.86|x86.ActiveCfg = Release|Any CPU
		{5BB362A2-4129-4A35-89B9-C2CADF7B0FCC}.86|x86.Build.0 = Release|Any CPU
		{5BB362A2-4129-4A35-89B9-C2CADF7B0FCC}.Custom|Any CPU.ActiveCfg = Release|Any CPU
		{5BB362A2-4129-4A35-89B9-C2CADF7B0FCC}.Custom|Any CPU.Build.0 = Release|Any CPU
		{5BB362A2-4129-4A35-89B9-C2CADF7B0FCC}.Custom|x86.ActiveCfg = Release|Any CPU
		{5BB362A2-4129-4A35-89B9-C2CADF7B0FCC}.Custom|x86.Build.0 = Release|Any CPU
		{5BB362A2-4129-4A35-89B9-C2CADF7B0FCC}.Debug|Any CPU.ActiveCfg = Debug|Any CPU
		{5BB362A2-4129-4A35-89B9-C2CADF7B0FCC}.Debug|Any CPU.Build.0 = Debug|Any CPU
		{5BB362A2-4129-4A35-89B9-C2CADF7B0FCC}.Debug|x86.ActiveCfg = Debug|Any CPU
		{5BB362A2-4129-4A35-89B9-C2CADF7B0FCC}.Debug|x86.Build.0 = Debug|Any CPU
		{5BB362A2-4129-4A35-89B9-C2CADF7B0FCC}.Release|Any CPU.ActiveCfg = Release|Any CPU
		{5BB362A2-4129-4A35-89B9-C2CADF7B0FCC}.Release|Any CPU.Build.0 = Release|Any CPU
		{5BB362A2-4129-4A35-89B9-C2CADF7B0FCC}.Release|x86.ActiveCfg = Release|Any CPU
		{5BB362A2-4129-4A35-89B9-C2CADF7B0FCC}.Release|x86.Build.0 = Release|Any CPU
		{BF7C5E9A-23AD-47F6-BBFE-5C3D8C9D4C3B}.86|Any CPU.ActiveCfg = Release|Any CPU
		{BF7C5E9A-23AD-47F6-BBFE-5C3D8C9D4C3B}.86|Any CPU.Build.0 = Release|Any CPU
		{BF7C5E9A-23AD-47F6-BBFE-5C3D8C9D4C3B}.86|x86.ActiveCfg = Release|Any CPU
		{BF7C5E9A-23AD-47F6-BBFE-5C3D8C9D4C3B}.86|x86.Build.0 = Release|Any CPU
		{BF7C5E9A-23AD-47F6-BBFE-5C3D8C9D4C3B}.Custom|Any CPU.ActiveCfg = Release|Any CPU
		{BF7C5E9A-23AD-47F6-BBFE-5C3D8C9D4C3B}.Custom|Any CPU.Build.0 = Release|Any CPU
		{BF7C5E9A-23AD-47F6-BBFE-5C3D8C9D4C3B}.Custom|x86.ActiveCfg = Release|Any CPU
		{BF7C5E9A-23AD-47F6-BBFE-5C3D8C9D4C3B}.Custom|x86.Build.0 = Release|Any CPU
		{BF7C5E9A-23AD-47F6-BBFE-5C3D8C9D4C3B}.Debug|Any CPU.ActiveCfg = Debug|Any CPU
		{BF7C5E9A-23AD-47F6-BBFE-5C3D8C9D4C3B}.Debug|Any CPU.Build.0 = Debug|Any CPU
		{BF7C5E9A-23AD-47F6-BBFE-5C3D8C9D4C3B}.Debug|x86.ActiveCfg = Debug|Any CPU
		{BF7C5E9A-23AD-47F6-BBFE-5C3D8C9D4C3B}.Debug|x86.Build.0 = Debug|Any CPU
		{BF7C5E9A-23AD-47F6-BBFE-5C3D8C9D4C3B}.Release|Any CPU.ActiveCfg = Release|Any CPU
		{BF7C5E9A-23AD-47F6-BBFE-5C3D8C9D4C3B}.Release|Any CPU.Build.0 = Release|Any CPU
		{BF7C5E9A-23AD-47F6-BBFE-5C3D8C9D4C3B}.Release|x86.ActiveCfg = Release|Any CPU
		{BF7C5E9A-23AD-47F6-BBFE-5C3D8C9D4C3B}.Release|x86.Build.0 = Release|Any CPU
	EndGlobalSection
	GlobalSection(SolutionProperties) = preSolution
		HideSolutionNode = FALSE
	EndGlobalSection
	GlobalSection(ExtensibilityGlobals) = postSolution
		SolutionGuid = {3DE32110-0AAF-4282-9710-7D0F7DE5B338}
	EndGlobalSection
EndGlobal
